
Microsoft Visual Studio Solution File, Format Version 12.00
# Visual Studio Version 17
VisualStudioVersion = 17.2.32516.85
MinimumVisualStudioVersion = 10.0.40219.1
Project("{FAE04EC0-301F-11D3-BF4B-00C04F79EFBC}") = "StartupWhiteBlackList_WF", "StartupWhiteBlackList_WF\StartupWhiteBlackList_WF.csproj", "{51135FBD-350D-433B-BF5B-07AC5AECB93E}"
EndProject
Global
	GlobalSection(SolutionConfigurationPlatforms) = preSolution
		Debug|Any CPU = Debug|Any CPU
		Release|Any CPU = Release|Any CPU
	EndGlobalSection
	GlobalSection(ProjectConfigurationPlatforms) = postSolution
		{51135FBD-350D-433B-BF5B-07AC5AECB93E}.Debug|Any CPU.ActiveCfg = Debug|Any CPU
		{51135FBD-350D-433B-BF5B-07AC5AECB93E}.Debug|Any CPU.Build.0 = Debug|Any CPU
		{51135FBD-350D-433B-BF5B-07AC5AECB93E}.Release|Any CPU.ActiveCfg = Release|Any CPU
		{51135FBD-350D-433B-BF5B-07AC5AECB93E}.Release|Any CPU.Build.0 = Release|Any CPU
	EndGlobalSection
	GlobalSection(SolutionProperties) = preSolution
		HideSolutionNode = FALSE
	EndGlobalSection
	GlobalSection(ExtensibilityGlobals) = postSolution
		SolutionGuid = {4E36B197-C29F-4BA4-8A5E-90F4995044C6}
	EndGlobalSection
EndGlobal
